
Microsoft Visual Studio Solution File, Format Version 12.00
# Visual Studio Version 17
VisualStudioVersion = 17.14.36401.2 d17.14
MinimumVisualStudioVersion = 10.0.40219.1
Project("{FAE04EC0-301F-11D3-BF4B-00C04F79EFBC}") = "Maze game project", "Maze game project\Maze game project.csproj", "{2D55978E-7F7E-4526-A04C-6B8B5CCAD1F8}"
EndProject
Global
	GlobalSection(SolutionConfigurationPlatforms) = preSolution
		Debug|Any CPU = Debug|Any CPU
		Release|Any CPU = Release|Any CPU
	EndGlobalSection
	GlobalSection(ProjectConfigurationPlatforms) = postSolution
		{2D55978E-7F7E-4526-A04C-6B8B5CCAD1F8}.Debug|Any CPU.ActiveCfg = Debug|Any CPU
		{2D55978E-7F7E-4526-A04C-6B8B5CCAD1F8}.Debug|Any CPU.Build.0 = Debug|Any CPU
		{2D55978E-7F7E-4526-A04C-6B8B5CCAD1F8}.Release|Any CPU.ActiveCfg = Release|Any CPU
		{2D55978E-7F7E-4526-A04C-6B8B5CCAD1F8}.Release|Any CPU.Build.0 = Release|Any CPU
	EndGlobalSection
	GlobalSection(SolutionProperties) = preSolution
		HideSolutionNode = FALSE
	EndGlobalSection
	GlobalSection(ExtensibilityGlobals) = postSolution
		SolutionGuid = {FB37D47A-0293-4A91-AF82-0AB14AB70CBE}
	EndGlobalSection
EndGlobal
