
Microsoft Visual Studio Solution File, Format Version 12.00
# Visual Studio Version 17
VisualStudioVersion = 17.14.36401.2 d17.14
MinimumVisualStudioVersion = 10.0.40219.1
Project("{FAE04EC0-301F-11D3-BF4B-00C04F79EFBC}") = "Student Grading System", "Student Grading System\Student Grading System.csproj", "{C226F9A6-61CC-48AD-9038-39B193628BEF}"
EndProject
Global
	GlobalSection(SolutionConfigurationPlatforms) = preSolution
		Debug|Any CPU = Debug|Any CPU
		Release|Any CPU = Release|Any CPU
	EndGlobalSection
	GlobalSection(ProjectConfigurationPlatforms) = postSolution
		{C226F9A6-61CC-48AD-9038-39B193628BEF}.Debug|Any CPU.ActiveCfg = Debug|Any CPU
		{C226F9A6-61CC-48AD-9038-39B193628BEF}.Debug|Any CPU.Build.0 = Debug|Any CPU
		{C226F9A6-61CC-48AD-9038-39B193628BEF}.Release|Any CPU.ActiveCfg = Release|Any CPU
		{C226F9A6-61CC-48AD-9038-39B193628BEF}.Release|Any CPU.Build.0 = Release|Any CPU
	EndGlobalSection
	GlobalSection(SolutionProperties) = preSolution
		HideSolutionNode = FALSE
	EndGlobalSection
	GlobalSection(ExtensibilityGlobals) = postSolution
		SolutionGuid = {F37D1B60-DE1C-41CB-987C-50A2E6D572EE}
	EndGlobalSection
EndGlobal
